
Microsoft Visual Studio Solution File, Format Version 12.00
# Visual Studio Version 16
VisualStudioVersion = 16.0.30330.147
MinimumVisualStudioVersion = 10.0.40219.1
Project("{FAE04EC0-301F-11D3-BF4B-00C04F79EFBC}") = "DoToo.UWP", "DoToo\DoToo.UWP\DoToo.UWP.csproj", "{C1416D40-C908-4B3C-BB67-BACA07EC29A3}"
EndProject
Project("{FAE04EC0-301F-11D3-BF4B-00C04F79EFBC}") = "DoToo.Android", "DoToo\DoToo.Android\DoToo.Android.csproj", "{371B5387-04AF-4439-A36E-D934F62712CB}"
EndProject
Project("{FAE04EC0-301F-11D3-BF4B-00C04F79EFBC}") = "DoToo.iOS", "DoToo\DoToo.iOS\DoToo.iOS.csproj", "{CF972613-A771-4EE8-A17C-9E0E7DCA252E}"
EndProject
Project("{FAE04EC0-301F-11D3-BF4B-00C04F79EFBC}") = "DoToo", "DoToo\DoToo\DoToo.csproj", "{6B800578-90BF-46AC-8545-8A6D3FF5E91A}"
EndProject
Global
	GlobalSection(SolutionConfigurationPlatforms) = preSolution
		Debug|Any CPU = Debug|Any CPU
		Debug|ARM = Debug|ARM
		Debug|iPhone = Debug|iPhone
		Debug|iPhoneSimulator = Debug|iPhoneSimulator
		Debug|x64 = Debug|x64
		Debug|x86 = Debug|x86
		Release|Any CPU = Release|Any CPU
		Release|ARM = Release|ARM
		Release|iPhone = Release|iPhone
		Release|iPhoneSimulator = Release|iPhoneSimulator
		Release|x64 = Release|x64
		Release|x86 = Release|x86
	EndGlobalSection
	GlobalSection(ProjectConfigurationPlatforms) = postSolution
		{C1416D40-C908-4B3C-BB67-BACA07EC29A3}.Debug|Any CPU.ActiveCfg = Debug|x86
		{C1416D40-C908-4B3C-BB67-BACA07EC29A3}.Debug|Any CPU.Build.0 = Debug|x86
		{C1416D40-C908-4B3C-BB67-BACA07EC29A3}.Debug|Any CPU.Deploy.0 = Debug|x86
		{C1416D40-C908-4B3C-BB67-BACA07EC29A3}.Debug|ARM.ActiveCfg = Debug|ARM
		{C1416D40-C908-4B3C-BB67-BACA07EC29A3}.Debug|ARM.Build.0 = Debug|ARM
		{C1416D40-C908-4B3C-BB67-BACA07EC29A3}.Debug|ARM.Deploy.0 = Debug|ARM
		{C1416D40-C908-4B3C-BB67-BACA07EC29A3}.Debug|iPhone.ActiveCfg = Debug|x86
		{C1416D40-C908-4B3C-BB67-BACA07EC29A3}.Debug|iPhone.Build.0 = Debug|x86
		{C1416D40-C908-4B3C-BB67-BACA07EC29A3}.Debug|iPhone.Deploy.0 = Debug|x86
		{C1416D40-C908-4B3C-BB67-BACA07EC29A3}.Debug|iPhoneSimulator.ActiveCfg = Debug|x86
		{C1416D40-C908-4B3C-BB67-BACA07EC29A3}.Debug|iPhoneSimulator.Build.0 = Debug|x86
		{C1416D40-C908-4B3C-BB67-BACA07EC29A3}.Debug|iPhoneSimulator.Deploy.0 = Debug|x86
		{C1416D40-C908-4B3C-BB67-BACA07EC29A3}.Debug|x64.ActiveCfg = Debug|x64
		{C1416D40-C908-4B3C-BB67-BACA07EC29A3}.Debug|x64.Build.0 = Debug|x64
		{C1416D40-C908-4B3C-BB67-BACA07EC29A3}.Debug|x64.Deploy.0 = Debug|x64
		{C1416D40-C908-4B3C-BB67-BACA07EC29A3}.Debug|x86.ActiveCfg = Debug|x86
		{C1416D40-C908-4B3C-BB67-BACA07EC29A3}.Debug|x86.Build.0 = Debug|x86
		{C1416D40-C908-4B3C-BB67-BACA07EC29A3}.Debug|x86.Deploy.0 = Debug|x86
		{C1416D40-C908-4B3C-BB67-BACA07EC29A3}.Release|Any CPU.ActiveCfg = Release|x86
		{C1416D40-C908-4B3C-BB67-BACA07EC29A3}.Release|Any CPU.Build.0 = Release|x86
		{C1416D40-C908-4B3C-BB67-BACA07EC29A3}.Release|Any CPU.Deploy.0 = Release|x86
		{C1416D40-C908-4B3C-BB67-BACA07EC29A3}.Release|ARM.ActiveCfg = Release|ARM
		{C1416D40-C908-4B3C-BB67-BACA07EC29A3}.Release|ARM.Build.0 = Release|ARM
		{C1416D40-C908-4B3C-BB67-BACA07EC29A3}.Release|ARM.Deploy.0 = Release|ARM
		{C1416D40-C908-4B3C-BB67-BACA07EC29A3}.Release|iPhone.ActiveCfg = Release|x86
		{C1416D40-C908-4B3C-BB67-BACA07EC29A3}.Release|iPhone.Build.0 = Release|x86
		{C1416D40-C908-4B3C-BB67-BACA07EC29A3}.Release|iPhone.Deploy.0 = Release|x86
		{C1416D40-C908-4B3C-BB67-BACA07EC29A3}.Release|iPhoneSimulator.ActiveCfg = Release|x86
		{C1416D40-C908-4B3C-BB67-BACA07EC29A3}.Release|iPhoneSimulator.Build.0 = Release|x86
		{C1416D40-C908-4B3C-BB67-BACA07EC29A3}.Release|iPhoneSimulator.Deploy.0 = Release|x86
		{C1416D40-C908-4B3C-BB67-BACA07EC29A3}.Release|x64.ActiveCfg = Release|x64
		{C1416D40-C908-4B3C-BB67-BACA07EC29A3}.Release|x64.Build.0 = Release|x64
		{C1416D40-C908-4B3C-BB67-BACA07EC29A3}.Release|x64.Deploy.0 = Release|x64
		{C1416D40-C908-4B3C-BB67-BACA07EC29A3}.Release|x86.ActiveCfg = Release|x86
		{C1416D40-C908-4B3C-BB67-BACA07EC29A3}.Release|x86.Build.0 = Release|x86
		{C1416D40-C908-4B3C-BB67-BACA07EC29A3}.Release|x86.Deploy.0 = Release|x86
		{371B5387-04AF-4439-A36E-D934F62712CB}.Debug|Any CPU.ActiveCfg = Debug|Any CPU
		{371B5387-04AF-4439-A36E-D934F62712CB}.Debug|Any CPU.Build.0 = Debug|Any CPU
		{371B5387-04AF-4439-A36E-D934F62712CB}.Debug|Any CPU.Deploy.0 = Debug|Any CPU
		{371B5387-04AF-4439-A36E-D934F62712CB}.Debug|ARM.ActiveCfg = Debug|Any CPU
		{371B5387-04AF-4439-A36E-D934F62712CB}.Debug|ARM.Build.0 = Debug|Any CPU
		{371B5387-04AF-4439-A36E-D934F62712CB}.Debug|ARM.Deploy.0 = Debug|Any CPU
		{371B5387-04AF-4439-A36E-D934F62712CB}.Debug|iPhone.ActiveCfg = Debug|Any CPU
		{371B5387-04AF-4439-A36E-D934F62712CB}.Debug|iPhone.Build.0 = Debug|Any CPU
		{371B5387-04AF-4439-A36E-D934F62712CB}.Debug|iPhone.Deploy.0 = Debug|Any CPU
		{371B5387-04AF-4439-A36E-D934F62712CB}.Debug|iPhoneSimulator.ActiveCfg = Debug|Any CPU
		{371B5387-04AF-4439-A36E-D934F62712CB}.Debug|iPhoneSimulator.Build.0 = Debug|Any CPU
		{371B5387-04AF-4439-A36E-D934F62712CB}.Debug|iPhoneSimulator.Deploy.0 = Debug|Any CPU
		{371B5387-04AF-4439-A36E-D934F62712CB}.Debug|x64.ActiveCfg = Debug|Any CPU
		{371B5387-04AF-4439-A36E-D934F62712CB}.Debug|x64.Build.0 = Debug|Any CPU
		{371B5387-04AF-4439-A36E-D934F62712CB}.Debug|x64.Deploy.0 = Debug|Any CPU
		{371B5387-04AF-4439-A36E-D934F62712CB}.Debug|x86.ActiveCfg = Debug|Any CPU
		{371B5387-04AF-4439-A36E-D934F62712CB}.Debug|x86.Build.0 = Debug|Any CPU
		{371B5387-04AF-4439-A36E-D934F62712CB}.Debug|x86.Deploy.0 = Debug|Any CPU
		{371B5387-04AF-4439-A36E-D934F62712CB}.Release|Any CPU.ActiveCfg = Release|Any CPU
		{371B5387-04AF-4439-A36E-D934F62712CB}.Release|Any CPU.Build.0 = Release|Any CPU
		{371B5387-04AF-4439-A36E-D934F62712CB}.Release|Any CPU.Deploy.0 = Release|Any CPU
		{371B5387-04AF-4439-A36E-D934F62712CB}.Release|ARM.ActiveCfg = Release|Any CPU
		{371B5387-04AF-4439-A36E-D934F62712CB}.Release|ARM.Build.0 = Release|Any CPU
		{371B5387-04AF-4439-A36E-D934F62712CB}.Release|ARM.Deploy.0 = Release|Any CPU
		{371B5387-04AF-4439-A36E-D934F62712CB}.Release|iPhone.ActiveCfg = Release|Any CPU
		{371B5387-04AF-4439-A36E-D934F62712CB}.Release|iPhone.Build.0 = Release|Any CPU
		{371B5387-04AF-4439-A36E-D934F62712CB}.Release|iPhone.Deploy.0 = Release|Any CPU
		{371B5387-04AF-4439-A36E-D934F62712CB}.Release|iPhoneSimulator.ActiveCfg = Release|Any CPU
		{371B5387-04AF-4439-A36E-D934F62712CB}.Release|iPhoneSimulator.Build.0 = Release|Any CPU
		{371B5387-04AF-4439-A36E-D934F62712CB}.Release|iPhoneSimulator.Deploy.0 = Release|Any CPU
		{371B5387-04AF-4439-A36E-D934F62712CB}.Release|x64.ActiveCfg = Release|Any CPU
		{371B5387-04AF-4439-A36E-D934F62712CB}.Release|x64.Build.0 = Release|Any CPU
		{371B5387-04AF-4439-A36E-D934F62712CB}.Release|x64.Deploy.0 = Release|Any CPU
		{371B5387-04AF-4439-A36E-D934F62712CB}.Release|x86.ActiveCfg = Release|Any CPU
		{371B5387-04AF-4439-A36E-D934F62712CB}.Release|x86.Build.0 = Release|Any CPU
		{371B5387-04AF-4439-A36E-D934F62712CB}.Release|x86.Deploy.0 = Release|Any CPU
		{CF972613-A771-4EE8-A17C-9E0E7DCA252E}.Debug|Any CPU.ActiveCfg = Debug|iPhone
		{CF972613-A771-4EE8-A17C-9E0E7DCA252E}.Debug|Any CPU.Build.0 = Debug|iPhone
		{CF972613-A771-4EE8-A17C-9E0E7DCA252E}.Debug|Any CPU.Deploy.0 = Debug|iPhone
		{CF972613-A771-4EE8-A17C-9E0E7DCA252E}.Debug|ARM.ActiveCfg = Debug|iPhone
		{CF972613-A771-4EE8-A17C-9E0E7DCA252E}.Debug|ARM.Build.0 = Debug|iPhone
		{CF972613-A771-4EE8-A17C-9E0E7DCA252E}.Debug|ARM.Deploy.0 = Debug|iPhone
		{CF972613-A771-4EE8-A17C-9E0E7DCA252E}.Debug|iPhone.ActiveCfg = Debug|iPhone
		{CF972613-A771-4EE8-A17C-9E0E7DCA252E}.Debug|iPhone.Build.0 = Debug|iPhone
		{CF972613-A771-4EE8-A17C-9E0E7DCA252E}.Debug|iPhone.Deploy.0 = Debug|iPhone
		{CF972613-A771-4EE8-A17C-9E0E7DCA252E}.Debug|iPhoneSimulator.ActiveCfg = Debug|iPhoneSimulator
		{CF972613-A771-4EE8-A17C-9E0E7DCA252E}.Debug|iPhoneSimulator.Build.0 = Debug|iPhoneSimulator
		{CF972613-A771-4EE8-A17C-9E0E7DCA252E}.Debug|iPhoneSimulator.Deploy.0 = Debug|iPhoneSimulator
		{CF972613-A771-4EE8-A17C-9E0E7DCA252E}.Debug|x64.ActiveCfg = Debug|iPhone
		{CF972613-A771-4EE8-A17C-9E0E7DCA252E}.Debug|x64.Build.0 = Debug|iPhone
		{CF972613-A771-4EE8-A17C-9E0E7DCA252E}.Debug|x64.Deploy.0 = Debug|iPhone
		{CF972613-A771-4EE8-A17C-9E0E7DCA252E}.Debug|x86.ActiveCfg = Debug|iPhone
		{CF972613-A771-4EE8-A17C-9E0E7DCA252E}.Debug|x86.Build.0 = Debug|iPhone
		{CF972613-A771-4EE8-A17C-9E0E7DCA252E}.Debug|x86.Deploy.0 = Debug|iPhone
		{CF972613-A771-4EE8-A17C-9E0E7DCA252E}.Release|Any CPU.ActiveCfg = Release|iPhone
		{CF972613-A771-4EE8-A17C-9E0E7DCA252E}.Release|Any CPU.Build.0 = Release|iPhone
		{CF972613-A771-4EE8-A17C-9E0E7DCA252E}.Release|Any CPU.Deploy.0 = Release|iPhone
		{CF972613-A771-4EE8-A17C-9E0E7DCA252E}.Release|ARM.ActiveCfg = Release|iPhone
		{CF972613-A771-4EE8-A17C-9E0E7DCA252E}.Release|ARM.Build.0 = Release|iPhone
		{CF972613-A771-4EE8-A17C-9E0E7DCA252E}.Release|ARM.Deploy.0 = Release|iPhone
		{CF972613-A771-4EE8-A17C-9E0E7DCA252E}.Release|iPhone.ActiveCfg = Release|iPhone
		{CF972613-A771-4EE8-A17C-9E0E7DCA252E}.Release|iPhone.Build.0 = Release|iPhone
		{CF972613-A771-4EE8-A17C-9E0E7DCA252E}.Release|iPhone.Deploy.0 = Release|iPhone
		{CF972613-A771-4EE8-A17C-9E0E7DCA252E}.Release|iPhoneSimulator.ActiveCfg = Release|iPhoneSimulator
		{CF972613-A771-4EE8-A17C-9E0E7DCA252E}.Release|iPhoneSimulator.Build.0 = Release|iPhoneSimulator
		{CF972613-A771-4EE8-A17C-9E0E7DCA252E}.Release|iPhoneSimulator.Deploy.0 = Release|iPhoneSimulator
		{CF972613-A771-4EE8-A17C-9E0E7DCA252E}.Release|x64.ActiveCfg = Release|iPhone
		{CF972613-A771-4EE8-A17C-9E0E7DCA252E}.Release|x64.Build.0 = Release|iPhone
		{CF972613-A771-4EE8-A17C-9E0E7DCA252E}.Release|x64.Deploy.0 = Release|iPhone
		{CF972613-A771-4EE8-A17C-9E0E7DCA252E}.Release|x86.ActiveCfg = Release|iPhone
		{CF972613-A771-4EE8-A17C-9E0E7DCA252E}.Release|x86.Build.0 = Release|iPhone
		{CF972613-A771-4EE8-A17C-9E0E7DCA252E}.Release|x86.Deploy.0 = Release|iPhone
		{6B800578-90BF-46AC-8545-8A6D3FF5E91A}.Debug|Any CPU.ActiveCfg = Debug|Any CPU
		{6B800578-90BF-46AC-8545-8A6D3FF5E91A}.Debug|Any CPU.Build.0 = Debug|Any CPU
		{6B800578-90BF-46AC-8545-8A6D3FF5E91A}.Debug|Any CPU.Deploy.0 = Debug|Any CPU
		{6B800578-90BF-46AC-8545-8A6D3FF5E91A}.Debug|ARM.ActiveCfg = Debug|Any CPU
		{6B800578-90BF-46AC-8545-8A6D3FF5E91A}.Debug|ARM.Build.0 = Debug|Any CPU
		{6B800578-90BF-46AC-8545-8A6D3FF5E91A}.Debug|ARM.Deploy.0 = Debug|Any CPU
		{6B800578-90BF-46AC-8545-8A6D3FF5E91A}.Debug|iPhone.ActiveCfg = Debug|Any CPU
		{6B800578-90BF-46AC-8545-8A6D3FF5E91A}.Debug|iPhone.Build.0 = Debug|Any CPU
		{6B800578-90BF-46AC-8545-8A6D3FF5E91A}.Debug|iPhone.Deploy.0 = Debug|Any CPU
		{6B800578-90BF-46AC-8545-8A6D3FF5E91A}.Debug|iPhoneSimulator.ActiveCfg = Debug|Any CPU
		{6B800578-90BF-46AC-8545-8A6D3FF5E91A}.Debug|iPhoneSimulator.Build.0 = Debug|Any CPU
		{6B800578-90BF-46AC-8545-8A6D3FF5E91A}.Debug|iPhoneSimulator.Deploy.0 = Debug|Any CPU
		{6B800578-90BF-46AC-8545-8A6D3FF5E91A}.Debug|x64.ActiveCfg = Debug|Any CPU
		{6B800578-90BF-46AC-8545-8A6D3FF5E91A}.Debug|x64.Build.0 = Debug|Any CPU
		{6B800578-90BF-46AC-8545-8A6D3FF5E91A}.Debug|x64.Deploy.0 = Debug|Any CPU
		{6B800578-90BF-46AC-8545-8A6D3FF5E91A}.Debug|x86.ActiveCfg = Debug|Any CPU
		{6B800578-90BF-46AC-8545-8A6D3FF5E91A}.Debug|x86.Build.0 = Debug|Any CPU
		{6B800578-90BF-46AC-8545-8A6D3FF5E91A}.Debug|x86.Deploy.0 = Debug|Any CPU
		{6B800578-90BF-46AC-8545-8A6D3FF5E91A}.Release|Any CPU.ActiveCfg = Release|Any CPU
		{6B800578-90BF-46AC-8545-8A6D3FF5E91A}.Release|Any CPU.Build.0 = Release|Any CPU
		{6B800578-90BF-46AC-8545-8A6D3FF5E91A}.Release|Any CPU.Deploy.0 = Release|Any CPU
		{6B800578-90BF-46AC-8545-8A6D3FF5E91A}.Release|ARM.ActiveCfg = Release|Any CPU
		{6B800578-90BF-46AC-8545-8A6D3FF5E91A}.Release|ARM.Build.0 = Release|Any CPU
		{6B800578-90BF-46AC-8545-8A6D3FF5E91A}.Release|ARM.Deploy.0 = Release|Any CPU
		{6B800578-90BF-46AC-8545-8A6D3FF5E91A}.Release|iPhone.ActiveCfg = Release|Any CPU
		{6B800578-90BF-46AC-8545-8A6D3FF5E91A}.Release|iPhone.Build.0 = Release|Any CPU
		{6B800578-90BF-46AC-8545-8A6D3FF5E91A}.Release|iPhone.Deploy.0 = Release|Any CPU
		{6B800578-90BF-46AC-8545-8A6D3FF5E91A}.Release|iPhoneSimulator.ActiveCfg = Release|Any CPU
		{6B800578-90BF-46AC-8545-8A6D3FF5E91A}.Release|iPhoneSimulator.Build.0 = Release|Any CPU
		{6B800578-90BF-46AC-8545-8A6D3FF5E91A}.Release|iPhoneSimulator.Deploy.0 = Release|Any CPU
		{6B800578-90BF-46AC-8545-8A6D3FF5E91A}.Release|x64.ActiveCfg = Release|Any CPU
		{6B800578-90BF-46AC-8545-8A6D3FF5E91A}.Release|x64.Build.0 = Release|Any CPU
		{6B800578-90BF-46AC-8545-8A6D3FF5E91A}.Release|x64.Deploy.0 = Release|Any CPU
		{6B800578-90BF-46AC-8545-8A6D3FF5E91A}.Release|x86.ActiveCfg = Release|Any CPU
		{6B800578-90BF-46AC-8545-8A6D3FF5E91A}.Release|x86.Build.0 = Release|Any CPU
		{6B800578-90BF-46AC-8545-8A6D3FF5E91A}.Release|x86.Deploy.0 = Release|Any CPU
	EndGlobalSection
	GlobalSection(SolutionProperties) = preSolution
		HideSolutionNode = FALSE
	EndGlobalSection
	GlobalSection(ExtensibilityGlobals) = postSolution
		SolutionGuid = {3FC3B3CA-6D11-403A-8C69-32F8F9BDAAB6}
	EndGlobalSection
EndGlobal
